{
  "object": {
    "pins": [
      {
        "package": "Math",
        "repositoryURL": "https://github.com/dn-m/Math",
        "state": {
          "branch": null,
          "revision": "0bf8de5d353b7b7957cb2231395f6818bc575b47",
          "version": "0.7.1"
        }
      },
      {
        "package": "Music",
        "repositoryURL": "https://github.com/dn-m/Music",
        "state": {
          "branch": "pitchspeller-dependency",
          "revision": "09289cf01bb397835232732281f59126c9a614f0",
          "version": null
        }
      },
      {
        "package": "NotationModel",
        "repositoryURL": "https://github.com/dn-m/NotationModel",
        "state": {
          "branch": "pitchspeller-dependency",
          "revision": "d0bc8b777b1191275654894dea556f351ba912d3",
          "version": null
        }
      },
      {
        "package": "PerformanceTesting",
        "repositoryURL": "https://github.com/dn-m/PerformanceTesting",
        "state": {
          "branch": "pitchspeller-dependency",
          "revision": "fd97209b9465e698c51cb30dfc24db35f39fa5c5",
          "version": null
        }
      },
      {
        "package": "Structure",
        "repositoryURL": "https://github.com/dn-m/Structure",
        "state": {
          "branch": "pitchspeller-dependency",
          "revision": "8386aad32702a58ce0512458fbdb9ffe9a1c8357",
          "version": null
        }
      }
    ]
  },
  "version": 1
}
